
Microsoft Visual Studio Solution File, Format Version 12.00
# Visual Studio Version 16
VisualStudioVersion = 16.0.30711.63
MinimumVisualStudioVersion = 10.0.40219.1
Project("{FAE04EC0-301F-11D3-BF4B-00C04F79EFBC}") = "SorteiaAdedanha", "SorteiaAdedanha\SorteiaAdedanha.csproj", "{EAAA92F8-F945-4AA5-ADE9-F227F9922D01}"
EndProject
Global
	GlobalSection(SolutionConfigurationPlatforms) = preSolution
		Debug|Any CPU = Debug|Any CPU
		Release|Any CPU = Release|Any CPU
	EndGlobalSection
	GlobalSection(ProjectConfigurationPlatforms) = postSolution
		{EAAA92F8-F945-4AA5-ADE9-F227F9922D01}.Debug|Any CPU.ActiveCfg = Debug|Any CPU
		{EAAA92F8-F945-4AA5-ADE9-F227F9922D01}.Debug|Any CPU.Build.0 = Debug|Any CPU
		{EAAA92F8-F945-4AA5-ADE9-F227F9922D01}.Release|Any CPU.ActiveCfg = Release|Any CPU
		{EAAA92F8-F945-4AA5-ADE9-F227F9922D01}.Release|Any CPU.Build.0 = Release|Any CPU
	EndGlobalSection
	GlobalSection(SolutionProperties) = preSolution
		HideSolutionNode = FALSE
	EndGlobalSection
	GlobalSection(ExtensibilityGlobals) = postSolution
		SolutionGuid = {BC26C7DC-3C9D-489D-A991-74367C86F1D6}
	EndGlobalSection
EndGlobal
